hash: fc19dcff7bf16c038a1616cf54b4e7cc74ebc03b90e12d3614022f5278ec27b5
updated: 2016-05-26T15:53:10.36046772+08:00
imports:
- name: github.com/andybalholm/cascadia
  version: 3ad29d1ad1c4f2023e355603324348cf1f4b2d48
- name: github.com/line/line-bot-sdk-go
  version: 7a86779fc6e89cea88dfbfeb3a2cf3cde3f61f02
  subpackages:
  - linebot
- name: github.com/PuerkitoBio/goquery
  version: 2e29ea41f0d13f4a303c75553f4eeadddc7a4c56
- name: golang.org/x/net
  version: dfd9ed699ea197b58a32e0d1dcfa2be66f127ec4
  subpackages:
  - html
  - html/atom
devImports: []
